
Microsoft Visual Studio Solution File, Format Version 12.00
# Visual Studio Version 16
VisualStudioVersion = 16.0.29806.167
MinimumVisualStudioVersion = 10.0.40219.1
Project("{FAE04EC0-301F-11D3-BF4B-00C04F79EFBC}") = "EclipseScriptGenerator", "EclipseScriptGenerator.csproj", "{39A0C69E-D7A1-4717-A73D-F359C124E091}"
EndProject
Global
	GlobalSection(SolutionConfigurationPlatforms) = preSolution
		Debug|Any CPU = Debug|Any CPU
		Release|Any CPU = Release|Any CPU
	EndGlobalSection
	GlobalSection(ProjectConfigurationPlatforms) = postSolution
		{39A0C69E-D7A1-4717-A73D-F359C124E091}.Debug|Any CPU.ActiveCfg = Debug|Any CPU
		{39A0C69E-D7A1-4717-A73D-F359C124E091}.Debug|Any CPU.Build.0 = Debug|Any CPU
		{39A0C69E-D7A1-4717-A73D-F359C124E091}.Release|Any CPU.ActiveCfg = Release|Any CPU
		{39A0C69E-D7A1-4717-A73D-F359C124E091}.Release|Any CPU.Build.0 = Release|Any CPU
	EndGlobalSection
	GlobalSection(SolutionProperties) = preSolution
		HideSolutionNode = FALSE
	EndGlobalSection
	GlobalSection(ExtensibilityGlobals) = postSolution
		SolutionGuid = {827D7DB2-7D5E-447E-A5FA-FBC17B72E663}
	EndGlobalSection
EndGlobal
